{
	"name": "hide-jsdx",
	"lockfileVersion": 3,
	"requires": true,
	"packages": {
		"": {
			"name": "hide-jsdx",
			"devDependencies": {
				"node-api-headers": "^1.5.0"
			}
		},
		"node_modules/node-api-headers": {
			"version": "1.9.0",
			"resolved": "https://registry.npmjs.org/node-api-headers/-/node-api-headers-1.9.0.tgz",
			"integrity": "sha512-2oNILP4jXwRB4ywnYKjVk1YyJ96n2D4EOVJO6S3oYZ5PtbJrw3Yt9TpAuX3nBLMuzn74rnfGQrv13pS9vC+YiA==",
			"dev": true,
			"license": "MIT"
		}
	}
}
